
Microsoft Visual Studio Solution File, Format Version 12.00
# Visual Studio Version 16
VisualStudioVersion = 16.0.29613.14
MinimumVisualStudioVersion = 10.0.40219.1
Project("{FAE04EC0-301F-11D3-BF4B-00C04F79EFBC}") = "Mybooks.UWP", "Mybooks\Mybooks.UWP\Mybooks.UWP.csproj", "{D1AEE619-071A-487E-88E6-23882EA2F9D3}"
EndProject
Project("{FAE04EC0-301F-11D3-BF4B-00C04F79EFBC}") = "Mybooks.Android", "Mybooks\Mybooks.Android\Mybooks.Android.csproj", "{103D1B05-620D-4410-AFE8-6D150062B942}"
EndProject
Project("{FAE04EC0-301F-11D3-BF4B-00C04F79EFBC}") = "Mybooks.iOS", "Mybooks\Mybooks.iOS\Mybooks.iOS.csproj", "{7DCF4AC3-8D0F-4EE2-BB07-5054796DE061}"
EndProject
Project("{FAE04EC0-301F-11D3-BF4B-00C04F79EFBC}") = "Mybooks", "Mybooks\Mybooks\Mybooks.csproj", "{A3A76D49-BEBD-4C7A-A2A1-E9C613D29FFA}"
EndProject
Global
	GlobalSection(SolutionConfigurationPlatforms) = preSolution
		Debug|Any CPU = Debug|Any CPU
		Debug|ARM = Debug|ARM
		Debug|iPhone = Debug|iPhone
		Debug|iPhoneSimulator = Debug|iPhoneSimulator
		Debug|x64 = Debug|x64
		Debug|x86 = Debug|x86
		Release|Any CPU = Release|Any CPU
		Release|ARM = Release|ARM
		Release|iPhone = Release|iPhone
		Release|iPhoneSimulator = Release|iPhoneSimulator
		Release|x64 = Release|x64
		Release|x86 = Release|x86
	EndGlobalSection
	GlobalSection(ProjectConfigurationPlatforms) = postSolution
		{D1AEE619-071A-487E-88E6-23882EA2F9D3}.Debug|Any CPU.ActiveCfg = Debug|x86
		{D1AEE619-071A-487E-88E6-23882EA2F9D3}.Debug|Any CPU.Build.0 = Debug|x86
		{D1AEE619-071A-487E-88E6-23882EA2F9D3}.Debug|Any CPU.Deploy.0 = Debug|x86
		{D1AEE619-071A-487E-88E6-23882EA2F9D3}.Debug|ARM.ActiveCfg = Debug|ARM
		{D1AEE619-071A-487E-88E6-23882EA2F9D3}.Debug|ARM.Build.0 = Debug|ARM
		{D1AEE619-071A-487E-88E6-23882EA2F9D3}.Debug|ARM.Deploy.0 = Debug|ARM
		{D1AEE619-071A-487E-88E6-23882EA2F9D3}.Debug|iPhone.ActiveCfg = Debug|x86
		{D1AEE619-071A-487E-88E6-23882EA2F9D3}.Debug|iPhone.Build.0 = Debug|x86
		{D1AEE619-071A-487E-88E6-23882EA2F9D3}.Debug|iPhone.Deploy.0 = Debug|x86
		{D1AEE619-071A-487E-88E6-23882EA2F9D3}.Debug|iPhoneSimulator.ActiveCfg = Debug|x86
		{D1AEE619-071A-487E-88E6-23882EA2F9D3}.Debug|iPhoneSimulator.Build.0 = Debug|x86
		{D1AEE619-071A-487E-88E6-23882EA2F9D3}.Debug|iPhoneSimulator.Deploy.0 = Debug|x86
		{D1AEE619-071A-487E-88E6-23882EA2F9D3}.Debug|x64.ActiveCfg = Debug|x64
		{D1AEE619-071A-487E-88E6-23882EA2F9D3}.Debug|x64.Build.0 = Debug|x64
		{D1AEE619-071A-487E-88E6-23882EA2F9D3}.Debug|x64.Deploy.0 = Debug|x64
		{D1AEE619-071A-487E-88E6-23882EA2F9D3}.Debug|x86.ActiveCfg = Debug|x86
		{D1AEE619-071A-487E-88E6-23882EA2F9D3}.Debug|x86.Build.0 = Debug|x86
		{D1AEE619-071A-487E-88E6-23882EA2F9D3}.Debug|x86.Deploy.0 = Debug|x86
		{D1AEE619-071A-487E-88E6-23882EA2F9D3}.Release|Any CPU.ActiveCfg = Release|x86
		{D1AEE619-071A-487E-88E6-23882EA2F9D3}.Release|Any CPU.Build.0 = Release|x86
		{D1AEE619-071A-487E-88E6-23882EA2F9D3}.Release|Any CPU.Deploy.0 = Release|x86
		{D1AEE619-071A-487E-88E6-23882EA2F9D3}.Release|ARM.ActiveCfg = Release|ARM
		{D1AEE619-071A-487E-88E6-23882EA2F9D3}.Release|ARM.Build.0 = Release|ARM
		{D1AEE619-071A-487E-88E6-23882EA2F9D3}.Release|ARM.Deploy.0 = Release|ARM
		{D1AEE619-071A-487E-88E6-23882EA2F9D3}.Release|iPhone.ActiveCfg = Release|x86
		{D1AEE619-071A-487E-88E6-23882EA2F9D3}.Release|iPhone.Build.0 = Release|x86
		{D1AEE619-071A-487E-88E6-23882EA2F9D3}.Release|iPhone.Deploy.0 = Release|x86
		{D1AEE619-071A-487E-88E6-23882EA2F9D3}.Release|iPhoneSimulator.ActiveCfg = Release|x86
		{D1AEE619-071A-487E-88E6-23882EA2F9D3}.Release|iPhoneSimulator.Build.0 = Release|x86
		{D1AEE619-071A-487E-88E6-23882EA2F9D3}.Release|iPhoneSimulator.Deploy.0 = Release|x86
		{D1AEE619-071A-487E-88E6-23882EA2F9D3}.Release|x64.ActiveCfg = Release|x64
		{D1AEE619-071A-487E-88E6-23882EA2F9D3}.Release|x64.Build.0 = Release|x64
		{D1AEE619-071A-487E-88E6-23882EA2F9D3}.Release|x64.Deploy.0 = Release|x64
		{D1AEE619-071A-487E-88E6-23882EA2F9D3}.Release|x86.ActiveCfg = Release|x86
		{D1AEE619-071A-487E-88E6-23882EA2F9D3}.Release|x86.Build.0 = Release|x86
		{D1AEE619-071A-487E-88E6-23882EA2F9D3}.Release|x86.Deploy.0 = Release|x86
		{103D1B05-620D-4410-AFE8-6D150062B942}.Debug|Any CPU.ActiveCfg = Debug|Any CPU
		{103D1B05-620D-4410-AFE8-6D150062B942}.Debug|Any CPU.Build.0 = Debug|Any CPU
		{103D1B05-620D-4410-AFE8-6D150062B942}.Debug|Any CPU.Deploy.0 = Debug|Any CPU
		{103D1B05-620D-4410-AFE8-6D150062B942}.Debug|ARM.ActiveCfg = Debug|Any CPU
		{103D1B05-620D-4410-AFE8-6D150062B942}.Debug|ARM.Build.0 = Debug|Any CPU
		{103D1B05-620D-4410-AFE8-6D150062B942}.Debug|ARM.Deploy.0 = Debug|Any CPU
		{103D1B05-620D-4410-AFE8-6D150062B942}.Debug|iPhone.ActiveCfg = Debug|Any CPU
		{103D1B05-620D-4410-AFE8-6D150062B942}.Debug|iPhone.Build.0 = Debug|Any CPU
		{103D1B05-620D-4410-AFE8-6D150062B942}.Debug|iPhone.Deploy.0 = Debug|Any CPU
		{103D1B05-620D-4410-AFE8-6D150062B942}.Debug|iPhoneSimulator.ActiveCfg = Debug|Any CPU
		{103D1B05-620D-4410-AFE8-6D150062B942}.Debug|iPhoneSimulator.Build.0 = Debug|Any CPU
		{103D1B05-620D-4410-AFE8-6D150062B942}.Debug|iPhoneSimulator.Deploy.0 = Debug|Any CPU
		{103D1B05-620D-4410-AFE8-6D150062B942}.Debug|x64.ActiveCfg = Debug|Any CPU
		{103D1B05-620D-4410-AFE8-6D150062B942}.Debug|x64.Build.0 = Debug|Any CPU
		{103D1B05-620D-4410-AFE8-6D150062B942}.Debug|x64.Deploy.0 = Debug|Any CPU
		{103D1B05-620D-4410-AFE8-6D150062B942}.Debug|x86.ActiveCfg = Debug|Any CPU
		{103D1B05-620D-4410-AFE8-6D150062B942}.Debug|x86.Build.0 = Debug|Any CPU
		{103D1B05-620D-4410-AFE8-6D150062B942}.Debug|x86.Deploy.0 = Debug|Any CPU
		{103D1B05-620D-4410-AFE8-6D150062B942}.Release|Any CPU.ActiveCfg = Release|Any CPU
		{103D1B05-620D-4410-AFE8-6D150062B942}.Release|Any CPU.Build.0 = Release|Any CPU
		{103D1B05-620D-4410-AFE8-6D150062B942}.Release|Any CPU.Deploy.0 = Release|Any CPU
		{103D1B05-620D-4410-AFE8-6D150062B942}.Release|ARM.ActiveCfg = Release|Any CPU
		{103D1B05-620D-4410-AFE8-6D150062B942}.Release|ARM.Build.0 = Release|Any CPU
		{103D1B05-620D-4410-AFE8-6D150062B942}.Release|ARM.Deploy.0 = Release|Any CPU
		{103D1B05-620D-4410-AFE8-6D150062B942}.Release|iPhone.ActiveCfg = Release|Any CPU
		{103D1B05-620D-4410-AFE8-6D150062B942}.Release|iPhone.Build.0 = Release|Any CPU
		{103D1B05-620D-4410-AFE8-6D150062B942}.Release|iPhone.Deploy.0 = Release|Any CPU
		{103D1B05-620D-4410-AFE8-6D150062B942}.Release|iPhoneSimulator.ActiveCfg = Release|Any CPU
		{103D1B05-620D-4410-AFE8-6D150062B942}.Release|iPhoneSimulator.Build.0 = Release|Any CPU
		{103D1B05-620D-4410-AFE8-6D150062B942}.Release|iPhoneSimulator.Deploy.0 = Release|Any CPU
		{103D1B05-620D-4410-AFE8-6D150062B942}.Release|x64.ActiveCfg = Release|Any CPU
		{103D1B05-620D-4410-AFE8-6D150062B942}.Release|x64.Build.0 = Release|Any CPU
		{103D1B05-620D-4410-AFE8-6D150062B942}.Release|x64.Deploy.0 = Release|Any CPU
		{103D1B05-620D-4410-AFE8-6D150062B942}.Release|x86.ActiveCfg = Release|Any CPU
		{103D1B05-620D-4410-AFE8-6D150062B942}.Release|x86.Build.0 = Release|Any CPU
		{103D1B05-620D-4410-AFE8-6D150062B942}.Release|x86.Deploy.0 = Release|Any CPU
		{7DCF4AC3-8D0F-4EE2-BB07-5054796DE061}.Debug|Any CPU.ActiveCfg = Debug|iPhone
		{7DCF4AC3-8D0F-4EE2-BB07-5054796DE061}.Debug|Any CPU.Build.0 = Debug|iPhone
		{7DCF4AC3-8D0F-4EE2-BB07-5054796DE061}.Debug|Any CPU.Deploy.0 = Debug|iPhone
		{7DCF4AC3-8D0F-4EE2-BB07-5054796DE061}.Debug|ARM.ActiveCfg = Debug|iPhoneSimulator
		{7DCF4AC3-8D0F-4EE2-BB07-5054796DE061}.Debug|ARM.Build.0 = Debug|iPhoneSimulator
		{7DCF4AC3-8D0F-4EE2-BB07-5054796DE061}.Debug|ARM.Deploy.0 = Debug|iPhoneSimulator
		{7DCF4AC3-8D0F-4EE2-BB07-5054796DE061}.Debug|iPhone.ActiveCfg = Debug|iPhone
		{7DCF4AC3-8D0F-4EE2-BB07-5054796DE061}.Debug|iPhone.Build.0 = Debug|iPhone
		{7DCF4AC3-8D0F-4EE2-BB07-5054796DE061}.Debug|iPhone.Deploy.0 = Debug|iPhone
		{7DCF4AC3-8D0F-4EE2-BB07-5054796DE061}.Debug|iPhoneSimulator.ActiveCfg = Debug|iPhoneSimulator
		{7DCF4AC3-8D0F-4EE2-BB07-5054796DE061}.Debug|iPhoneSimulator.Build.0 = Debug|iPhoneSimulator
		{7DCF4AC3-8D0F-4EE2-BB07-5054796DE061}.Debug|iPhoneSimulator.Deploy.0 = Debug|iPhoneSimulator
		{7DCF4AC3-8D0F-4EE2-BB07-5054796DE061}.Debug|x64.ActiveCfg = Debug|iPhone
		{7DCF4AC3-8D0F-4EE2-BB07-5054796DE061}.Debug|x64.Build.0 = Debug|iPhone
		{7DCF4AC3-8D0F-4EE2-BB07-5054796DE061}.Debug|x64.Deploy.0 = Debug|iPhone
		{7DCF4AC3-8D0F-4EE2-BB07-5054796DE061}.Debug|x86.ActiveCfg = Debug|iPhone
		{7DCF4AC3-8D0F-4EE2-BB07-5054796DE061}.Debug|x86.Build.0 = Debug|iPhone
		{7DCF4AC3-8D0F-4EE2-BB07-5054796DE061}.Debug|x86.Deploy.0 = Debug|iPhone
		{7DCF4AC3-8D0F-4EE2-BB07-5054796DE061}.Release|Any CPU.ActiveCfg = Release|iPhone
		{7DCF4AC3-8D0F-4EE2-BB07-5054796DE061}.Release|Any CPU.Build.0 = Release|iPhone
		{7DCF4AC3-8D0F-4EE2-BB07-5054796DE061}.Release|Any CPU.Deploy.0 = Release|iPhone
		{7DCF4AC3-8D0F-4EE2-BB07-5054796DE061}.Release|ARM.ActiveCfg = Release|iPhone
		{7DCF4AC3-8D0F-4EE2-BB07-5054796DE061}.Release|ARM.Build.0 = Release|iPhone
		{7DCF4AC3-8D0F-4EE2-BB07-5054796DE061}.Release|ARM.Deploy.0 = Release|iPhone
		{7DCF4AC3-8D0F-4EE2-BB07-5054796DE061}.Release|iPhone.ActiveCfg = Release|iPhone
		{7DCF4AC3-8D0F-4EE2-BB07-5054796DE061}.Release|iPhone.Build.0 = Release|iPhone
		{7DCF4AC3-8D0F-4EE2-BB07-5054796DE061}.Release|iPhone.Deploy.0 = Release|iPhone
		{7DCF4AC3-8D0F-4EE2-BB07-5054796DE061}.Release|iPhoneSimulator.ActiveCfg = Release|iPhoneSimulator
		{7DCF4AC3-8D0F-4EE2-BB07-5054796DE061}.Release|iPhoneSimulator.Build.0 = Release|iPhoneSimulator
		{7DCF4AC3-8D0F-4EE2-BB07-5054796DE061}.Release|iPhoneSimulator.Deploy.0 = Release|iPhoneSimulator
		{7DCF4AC3-8D0F-4EE2-BB07-5054796DE061}.Release|x64.ActiveCfg = Release|iPhone
		{7DCF4AC3-8D0F-4EE2-BB07-5054796DE061}.Release|x64.Build.0 = Release|iPhone
		{7DCF4AC3-8D0F-4EE2-BB07-5054796DE061}.Release|x64.Deploy.0 = Release|iPhone
		{7DCF4AC3-8D0F-4EE2-BB07-5054796DE061}.Release|x86.ActiveCfg = Release|iPhone
		{7DCF4AC3-8D0F-4EE2-BB07-5054796DE061}.Release|x86.Build.0 = Release|iPhone
		{7DCF4AC3-8D0F-4EE2-BB07-5054796DE061}.Release|x86.Deploy.0 = Release|iPhone
		{A3A76D49-BEBD-4C7A-A2A1-E9C613D29FFA}.Debug|Any CPU.ActiveCfg = Debug|Any CPU
		{A3A76D49-BEBD-4C7A-A2A1-E9C613D29FFA}.Debug|Any CPU.Build.0 = Debug|Any CPU
		{A3A76D49-BEBD-4C7A-A2A1-E9C613D29FFA}.Debug|Any CPU.Deploy.0 = Debug|Any CPU
		{A3A76D49-BEBD-4C7A-A2A1-E9C613D29FFA}.Debug|ARM.ActiveCfg = Debug|Any CPU
		{A3A76D49-BEBD-4C7A-A2A1-E9C613D29FFA}.Debug|ARM.Build.0 = Debug|Any CPU
		{A3A76D49-BEBD-4C7A-A2A1-E9C613D29FFA}.Debug|ARM.Deploy.0 = Debug|Any CPU
		{A3A76D49-BEBD-4C7A-A2A1-E9C613D29FFA}.Debug|iPhone.ActiveCfg = Debug|Any CPU
		{A3A76D49-BEBD-4C7A-A2A1-E9C613D29FFA}.Debug|iPhone.Build.0 = Debug|Any CPU
		{A3A76D49-BEBD-4C7A-A2A1-E9C613D29FFA}.Debug|iPhone.Deploy.0 = Debug|Any CPU
		{A3A76D49-BEBD-4C7A-A2A1-E9C613D29FFA}.Debug|iPhoneSimulator.ActiveCfg = Debug|Any CPU
		{A3A76D49-BEBD-4C7A-A2A1-E9C613D29FFA}.Debug|iPhoneSimulator.Build.0 = Debug|Any CPU
		{A3A76D49-BEBD-4C7A-A2A1-E9C613D29FFA}.Debug|iPhoneSimulator.Deploy.0 = Debug|Any CPU
		{A3A76D49-BEBD-4C7A-A2A1-E9C613D29FFA}.Debug|x64.ActiveCfg = Debug|Any CPU
		{A3A76D49-BEBD-4C7A-A2A1-E9C613D29FFA}.Debug|x64.Build.0 = Debug|Any CPU
		{A3A76D49-BEBD-4C7A-A2A1-E9C613D29FFA}.Debug|x64.Deploy.0 = Debug|Any CPU
		{A3A76D49-BEBD-4C7A-A2A1-E9C613D29FFA}.Debug|x86.ActiveCfg = Debug|Any CPU
		{A3A76D49-BEBD-4C7A-A2A1-E9C613D29FFA}.Debug|x86.Build.0 = Debug|Any CPU
		{A3A76D49-BEBD-4C7A-A2A1-E9C613D29FFA}.Debug|x86.Deploy.0 = Debug|Any CPU
		{A3A76D49-BEBD-4C7A-A2A1-E9C613D29FFA}.Release|Any CPU.ActiveCfg = Release|Any CPU
		{A3A76D49-BEBD-4C7A-A2A1-E9C613D29FFA}.Release|Any CPU.Build.0 = Release|Any CPU
		{A3A76D49-BEBD-4C7A-A2A1-E9C613D29FFA}.Release|Any CPU.Deploy.0 = Release|Any CPU
		{A3A76D49-BEBD-4C7A-A2A1-E9C613D29FFA}.Release|ARM.ActiveCfg = Release|Any CPU
		{A3A76D49-BEBD-4C7A-A2A1-E9C613D29FFA}.Release|ARM.Build.0 = Release|Any CPU
		{A3A76D49-BEBD-4C7A-A2A1-E9C613D29FFA}.Release|ARM.Deploy.0 = Release|Any CPU
		{A3A76D49-BEBD-4C7A-A2A1-E9C613D29FFA}.Release|iPhone.ActiveCfg = Release|Any CPU
		{A3A76D49-BEBD-4C7A-A2A1-E9C613D29FFA}.Release|iPhone.Build.0 = Release|Any CPU
		{A3A76D49-BEBD-4C7A-A2A1-E9C613D29FFA}.Release|iPhone.Deploy.0 = Release|Any CPU
		{A3A76D49-BEBD-4C7A-A2A1-E9C613D29FFA}.Release|iPhoneSimulator.ActiveCfg = Release|Any CPU
		{A3A76D49-BEBD-4C7A-A2A1-E9C613D29FFA}.Release|iPhoneSimulator.Build.0 = Release|Any CPU
		{A3A76D49-BEBD-4C7A-A2A1-E9C613D29FFA}.Release|iPhoneSimulator.Deploy.0 = Release|Any CPU
		{A3A76D49-BEBD-4C7A-A2A1-E9C613D29FFA}.Release|x64.ActiveCfg = Release|Any CPU
		{A3A76D49-BEBD-4C7A-A2A1-E9C613D29FFA}.Release|x64.Build.0 = Release|Any CPU
		{A3A76D49-BEBD-4C7A-A2A1-E9C613D29FFA}.Release|x64.Deploy.0 = Release|Any CPU
		{A3A76D49-BEBD-4C7A-A2A1-E9C613D29FFA}.Release|x86.ActiveCfg = Release|Any CPU
		{A3A76D49-BEBD-4C7A-A2A1-E9C613D29FFA}.Release|x86.Build.0 = Release|Any CPU
		{A3A76D49-BEBD-4C7A-A2A1-E9C613D29FFA}.Release|x86.Deploy.0 = Release|Any CPU
	EndGlobalSection
	GlobalSection(SolutionProperties) = preSolution
		HideSolutionNode = FALSE
	EndGlobalSection
	GlobalSection(ExtensibilityGlobals) = postSolution
		SolutionGuid = {8F51518A-C36D-40F9-9231-EC40B6F5F54B}
	EndGlobalSection
EndGlobal
